Microsoft Visual Studio Solution File, Format Version 11.00
# Visual Studio 2008

Project("{35657858-521A-5FCE-F14E-BF01E7B3BD68}") = "TickTockRayBase", "Assembly-CSharp.csproj", "{E42288A0-0140-AB77-12ED-A63837871DC0}"
EndProject
Global
	GlobalSection(SolutionConfigurationPlatforms) = preSolution
		Debug|Any CPU = Debug|Any CPU
		Release|Any CPU = Release|Any CPU
	EndGlobalSection
	GlobalSection(ProjectConfigurationPlatforms) = postSolution
		{E42288A0-0140-AB77-12ED-A63837871DC0}.Debug|Any CPU.ActiveCfg = Debug|Any CPU
		{E42288A0-0140-AB77-12ED-A63837871DC0}.Debug|Any CPU.Build.0 = Debug|Any CPU
		{E42288A0-0140-AB77-12ED-A63837871DC0}.Release|Any CPU.ActiveCfg = Release|Any CPU
		{E42288A0-0140-AB77-12ED-A63837871DC0}.Release|Any CPU.Build.0 = Release|Any CPU
	EndGlobalSection
	GlobalSection(SolutionProperties) = preSolution
		HideSolutionNode = FALSE
	EndGlobalSection
	GlobalSection(MonoDevelopProperties) = preSolution
		StartupItem = Assembly-CSharp.csproj
	EndGlobalSection
EndGlobal
